
Microsoft Visual Studio Solution File, Format Version 12.00
# Visual Studio Version 17
VisualStudioVersion = 17.3.32922.545
MinimumVisualStudioVersion = 10.0.40219.1
Project("{FAE04EC0-301F-11D3-BF4B-00C04F79EFBC}") = "HMCMusicStore.Web", "HMCMusicStore.Web\HMCMusicStore.Web.csproj", "{99AA639C-0C42-4D86-8046-78C8A21167EB}"
EndProject
Global
	GlobalSection(SolutionConfigurationPlatforms) = preSolution
		Debug|Any CPU = Debug|Any CPU
		Release|Any CPU = Release|Any CPU
	EndGlobalSection
	GlobalSection(ProjectConfigurationPlatforms) = postSolution
		{99AA639C-0C42-4D86-8046-78C8A21167EB}.Debug|Any CPU.ActiveCfg = Debug|Any CPU
		{99AA639C-0C42-4D86-8046-78C8A21167EB}.Debug|Any CPU.Build.0 = Debug|Any CPU
		{99AA639C-0C42-4D86-8046-78C8A21167EB}.Release|Any CPU.ActiveCfg = Release|Any CPU
		{99AA639C-0C42-4D86-8046-78C8A21167EB}.Release|Any CPU.Build.0 = Release|Any CPU
	EndGlobalSection
	GlobalSection(SolutionProperties) = preSolution
		HideSolutionNode = FALSE
	EndGlobalSection
	GlobalSection(ExtensibilityGlobals) = postSolution
		SolutionGuid = {981AFE85-7B12-4754-9E26-BDB58B401C47}
	EndGlobalSection
EndGlobal
